
Microsoft Visual Studio Solution File, Format Version 12.00
# Visual Studio Version 17
VisualStudioVersion = 17.14.36414.22
MinimumVisualStudioVersion = 10.0.40219.1
Project("{FAE04EC0-301F-11D3-BF4B-00C04F79EFBC}") = "FoodWare", "FoodWare\FoodWare.csproj", "{D31BCA4E-E4AA-473D-B047-994889E9E1A5}"
EndProject
Project("{FAE04EC0-301F-11D3-BF4B-00C04F79EFBC}") = "FoodWare.Theme", "FoodWare.Theme\FoodWare.Theme.csproj", "{881CD7F5-4F63-4D9E-8DCE-239E9A2F5CD8}"
EndProject
Project("{FAE04EC0-301F-11D3-BF4B-00C04F79EFBC}") = "FoodWare.Validations", "FoodWare.Validations\FoodWare.Validations.csproj", "{206E4830-0788-4566-AEDE-63A0DF025A25}"
EndProject
Project("{FAE04EC0-301F-11D3-BF4B-00C04F79EFBC}") = "FoodWare.Mobile", "FoodWare.Mobile\FoodWare.Mobile.csproj", "{8704CDA3-2B30-4719-B76C-FF90082B63CF}"
EndProject
Project("{FAE04EC0-301F-11D3-BF4B-00C04F79EFBC}") = "FoodWare.Shared", "FoodWare.Shared\FoodWare.Shared.csproj", "{B96969D1-D12A-4B00-82A6-1E45412ADA7D}"
EndProject
Project("{FAE04EC0-301F-11D3-BF4B-00C04F79EFBC}") = "FoodWare.API", "FoodWare.API\FoodWare.API.csproj", "{D675BE56-8299-4F1D-902B-0521C26BE8DB}"
EndProject
Global
	GlobalSection(SolutionConfigurationPlatforms) = preSolution
		Debug|Any CPU = Debug|Any CPU
		Release|Any CPU = Release|Any CPU
	EndGlobalSection
	GlobalSection(ProjectConfigurationPlatforms) = postSolution
		{D31BCA4E-E4AA-473D-B047-994889E9E1A5}.Debug|Any CPU.ActiveCfg = Debug|Any CPU
		{D31BCA4E-E4AA-473D-B047-994889E9E1A5}.Debug|Any CPU.Build.0 = Debug|Any CPU
		{D31BCA4E-E4AA-473D-B047-994889E9E1A5}.Release|Any CPU.ActiveCfg = Release|Any CPU
		{D31BCA4E-E4AA-473D-B047-994889E9E1A5}.Release|Any CPU.Build.0 = Release|Any CPU
		{881CD7F5-4F63-4D9E-8DCE-239E9A2F5CD8}.Debug|Any CPU.ActiveCfg = Debug|Any CPU
		{881CD7F5-4F63-4D9E-8DCE-239E9A2F5CD8}.Debug|Any CPU.Build.0 = Debug|Any CPU
		{881CD7F5-4F63-4D9E-8DCE-239E9A2F5CD8}.Release|Any CPU.ActiveCfg = Release|Any CPU
		{881CD7F5-4F63-4D9E-8DCE-239E9A2F5CD8}.Release|Any CPU.Build.0 = Release|Any CPU
		{206E4830-0788-4566-AEDE-63A0DF025A25}.Debug|Any CPU.ActiveCfg = Debug|Any CPU
		{206E4830-0788-4566-AEDE-63A0DF025A25}.Debug|Any CPU.Build.0 = Debug|Any CPU
		{206E4830-0788-4566-AEDE-63A0DF025A25}.Release|Any CPU.ActiveCfg = Release|Any CPU
		{206E4830-0788-4566-AEDE-63A0DF025A25}.Release|Any CPU.Build.0 = Release|Any CPU
		{8704CDA3-2B30-4719-B76C-FF90082B63CF}.Debug|Any CPU.ActiveCfg = Debug|Any CPU
		{8704CDA3-2B30-4719-B76C-FF90082B63CF}.Debug|Any CPU.Build.0 = Debug|Any CPU
		{8704CDA3-2B30-4719-B76C-FF90082B63CF}.Release|Any CPU.ActiveCfg = Release|Any CPU
		{8704CDA3-2B30-4719-B76C-FF90082B63CF}.Release|Any CPU.Build.0 = Release|Any CPU
		{B96969D1-D12A-4B00-82A6-1E45412ADA7D}.Debug|Any CPU.ActiveCfg = Debug|Any CPU
		{B96969D1-D12A-4B00-82A6-1E45412ADA7D}.Debug|Any CPU.Build.0 = Debug|Any CPU
		{B96969D1-D12A-4B00-82A6-1E45412ADA7D}.Release|Any CPU.ActiveCfg = Release|Any CPU
		{B96969D1-D12A-4B00-82A6-1E45412ADA7D}.Release|Any CPU.Build.0 = Release|Any CPU
		{D675BE56-8299-4F1D-902B-0521C26BE8DB}.Debug|Any CPU.ActiveCfg = Debug|Any CPU
		{D675BE56-8299-4F1D-902B-0521C26BE8DB}.Debug|Any CPU.Build.0 = Debug|Any CPU
		{D675BE56-8299-4F1D-902B-0521C26BE8DB}.Release|Any CPU.ActiveCfg = Release|Any CPU
		{D675BE56-8299-4F1D-902B-0521C26BE8DB}.Release|Any CPU.Build.0 = Release|Any CPU
	EndGlobalSection
	GlobalSection(SolutionProperties) = preSolution
		HideSolutionNode = FALSE
	EndGlobalSection
	GlobalSection(ExtensibilityGlobals) = postSolution
		SolutionGuid = {2B9E59F7-9FA8-48DD-A5BD-D025E8993FA5}
	EndGlobalSection
EndGlobal
